
Microsoft Visual Studio Solution File, Format Version 12.00
# Visual Studio Version 17
VisualStudioVersion = 17.5.002.0
MinimumVisualStudioVersion = 10.0.40219.1
Project("{2150E333-8FDC-42A3-9474-1A3956D46DE8}") = "DesafioFundamentos", "DesafioFundamentos", "{A7F8EDA8-F0DB-498F-9895-071CCD970C3F}"
EndProject
Project("{9A19103F-16F7-4668-BE54-9A1E7A4F7556}") = "DesafioFundamentos", "DesafioFundamentos\Models\DesafioFundamentos.csproj", "{87E0FC52-B485-4828-B9C2-2D96C1725142}"
EndProject
Global
	GlobalSection(SolutionConfigurationPlatforms) = preSolution
		Debug|Any CPU = Debug|Any CPU
		Release|Any CPU = Release|Any CPU
	EndGlobalSection
	GlobalSection(ProjectConfigurationPlatforms) = postSolution
		{87E0FC52-B485-4828-B9C2-2D96C1725142}.Debug|Any CPU.ActiveCfg = Debug|Any CPU
		{87E0FC52-B485-4828-B9C2-2D96C1725142}.Debug|Any CPU.Build.0 = Debug|Any CPU
		{87E0FC52-B485-4828-B9C2-2D96C1725142}.Release|Any CPU.ActiveCfg = Release|Any CPU
		{87E0FC52-B485-4828-B9C2-2D96C1725142}.Release|Any CPU.Build.0 = Release|Any CPU
	EndGlobalSection
	GlobalSection(SolutionProperties) = preSolution
		HideSolutionNode = FALSE
	EndGlobalSection
	GlobalSection(NestedProjects) = preSolution
		{87E0FC52-B485-4828-B9C2-2D96C1725142} = {A7F8EDA8-F0DB-498F-9895-071CCD970C3F}
	EndGlobalSection
	GlobalSection(ExtensibilityGlobals) = postSolution
		SolutionGuid = {F6C8F349-9913-4130-B8D4-4CA977895D8D}
	EndGlobalSection
EndGlobal
